
Microsoft Visual Studio Solution File, Format Version 12.00
# Visual Studio Version 17
VisualStudioVersion = 17.6.33829.357
MinimumVisualStudioVersion = 10.0.40219.1
Project("{FAE04EC0-301F-11D3-BF4B-00C04F79EFBC}") = "Array", "Array.csproj", "{F669628C-7412-4131-9048-1DD32427F0CA}"
EndProject
Global
	GlobalSection(SolutionConfigurationPlatforms) = preSolution
		Debug|Any CPU = Debug|Any CPU
		Release|Any CPU = Release|Any CPU
	EndGlobalSection
	GlobalSection(ProjectConfigurationPlatforms) = postSolution
		{F669628C-7412-4131-9048-1DD32427F0CA}.Debug|Any CPU.ActiveCfg = Debug|Any CPU
		{F669628C-7412-4131-9048-1DD32427F0CA}.Debug|Any CPU.Build.0 = Debug|Any CPU
		{F669628C-7412-4131-9048-1DD32427F0CA}.Release|Any CPU.ActiveCfg = Release|Any CPU
		{F669628C-7412-4131-9048-1DD32427F0CA}.Release|Any CPU.Build.0 = Release|Any CPU
	EndGlobalSection
	GlobalSection(SolutionProperties) = preSolution
		HideSolutionNode = FALSE
	EndGlobalSection
	GlobalSection(ExtensibilityGlobals) = postSolution
		SolutionGuid = {D6EBB580-DC39-425F-94EE-D7FE2E6DF04A}
	EndGlobalSection
EndGlobal
